// !$*UTF8*$!
{
	archiveVersion = 1;
	classes = {
	};
	objectVersion = 55;
	objects = {

/* Begin PBXBuildFile section */
		AD0F164328A7CF0E00419A57 /* AppDelegate.swift in Sources */ = {isa = PBXBuildFile; fileRef = AD0F164228A7CF0E00419A57 /* AppDelegate.swift */; };
		AD0F164528A7CF0E00419A57 /* SceneDelegate.swift in Sources */ = {isa = PBXBuildFile; fileRef = AD0F164428A7CF0E00419A57 /* SceneDelegate.swift */; };
		AD0F164728A7CF0E00419A57 /* WeatherViewController.swift in Sources */ = {isa = PBXBuildFile; fileRef = AD0F164628A7CF0E00419A57 /* WeatherViewController.swift */; };
		AD0F164A28A7CF0E00419A57 /* Main.storyboard in Resources */ = {isa = PBXBuildFile; fileRef = AD0F164828A7CF0E00419A57 /* Main.storyboard */; };
		AD0F164C28A7CF0F00419A57 /* Assets.xcassets in Resources */ = {isa = PBXBuildFile; fileRef = AD0F164B28A7CF0F00419A57 /* Assets.xcassets */; };
		AD0F164F28A7CF0F00419A57 /* LaunchScreen.storyboard in Resources */ = {isa = PBXBuildFile; fileRef = AD0F164D28A7CF0F00419A57 /* LaunchScreen.storyboard */; };
		AD0F165728A7D2D700419A57 /* .gitignore in Resources */ = {isa = PBXBuildFile; fileRef = AD0F165628A7D2D700419A57 /* .gitignore */; };
		AD0F165928A7D2ED00419A57 /* APIKeys.swift in Sources */ = {isa = PBXBuildFile; fileRef = AD0F165828A7D2ED00419A57 /* APIKeys.swift */; };
		AD0F165B28A7D32700419A57 /* ReuseIdentifier+Protocol.swift in Sources */ = {isa = PBXBuildFile; fileRef = AD0F165A28A7D32700419A57 /* ReuseIdentifier+Protocol.swift */; };
		AD0F165E28A7D37400419A57 /* Storyboards+Enum.swift in Sources */ = {isa = PBXBuildFile; fileRef = AD0F165D28A7D37400419A57 /* Storyboards+Enum.swift */; };
		AD0F166228A7D56600419A57 /* Alamofire in Frameworks */ = {isa = PBXBuildFile; productRef = AD0F166128A7D56600419A57 /* Alamofire */; };
		AD0F166528A7D57300419A57 /* SwiftyJSON in Frameworks */ = {isa = PBXBuildFile; productRef = AD0F166428A7D57300419A57 /* SwiftyJSON */; };
		AD0F166728A7D58900419A57 /* EndPoints.swift in Sources */ = {isa = PBXBuildFile; fileRef = AD0F166628A7D58900419A57 /* EndPoints.swift */; };
		AD0F166D28A7E01600419A57 /* FetchWeatherInfo.swift in Sources */ = {isa = PBXBuildFile; fileRef = AD0F166C28A7E01600419A57 /* FetchWeatherInfo.swift */; };
		AD0F166F28A7E02200419A57 /* FetchLocationInfo.swift in Sources */ = {isa = PBXBuildFile; fileRef = AD0F166E28A7E02200419A57 /* FetchLocationInfo.swift */; };
		AD0F167128A7E37500419A57 /* WeatherData.swift in Sources */ = {isa = PBXBuildFile; fileRef = AD0F167028A7E37500419A57 /* WeatherData.swift */; };
/* End PBXBuildFile section */

/* Begin PBXFileReference section */
		AD0F163F28A7CF0E00419A57 /* WeatherForecast.app */ = {isa = PBXFileReference; explicitFileType = wrapper.application; includeInIndex = 0; path = WeatherForecast.app; sourceTree = BUILT_PRODUCTS_DIR; };
		AD0F164228A7CF0E00419A57 /* AppDelegate.swift */ = {isa = PBXFileReference; lastKnownFileType = sourcecode.swift; path = AppDelegate.swift; sourceTree = "<group>"; };
		AD0F164428A7CF0E00419A57 /* SceneDelegate.swift */ = {isa = PBXFileReference; lastKnownFileType = sourcecode.swift; path = SceneDelegate.swift; sourceTree = "<group>"; };
		AD0F164628A7CF0E00419A57 /* WeatherViewController.swift */ = {isa = PBXFileReference; lastKnownFileType = sourcecode.swift; path = WeatherViewController.swift; sourceTree = "<group>"; };
		AD0F164928A7CF0E00419A57 /* Base */ = {isa = PBXFileReference; lastKnownFileType = file.storyboard; name = Base; path = Base.lproj/Main.storyboard; sourceTree = "<group>"; };
		AD0F164B28A7CF0F00419A57 /* Assets.xcassets */ = {isa = PBXFileReference; lastKnownFileType = folder.assetcatalog; path = Assets.xcassets; sourceTree = "<group>"; };
		AD0F164E28A7CF0F00419A57 /* Base */ = {isa = PBXFileReference; lastKnownFileType = file.storyboard; name = Base; path = Base.lproj/LaunchScreen.storyboard; sourceTree = "<group>"; };
		AD0F165028A7CF0F00419A57 /* Info.plist */ = {isa = PBXFileReference; lastKnownFileType = text.plist.xml; path = Info.plist; sourceTree = "<group>"; };
		AD0F165628A7D2D700419A57 /* .gitignore */ = {isa = PBXFileReference; lastKnownFileType = text; path = .gitignore; sourceTree = "<group>"; };
		AD0F165828A7D2ED00419A57 /* APIKeys.swift */ = {isa = PBXFileReference; lastKnownFileType = sourcecode.swift; path = APIKeys.swift; sourceTree = "<group>"; };
		AD0F165A28A7D32700419A57 /* ReuseIdentifier+Protocol.swift */ = {isa = PBXFileReference; lastKnownFileType = sourcecode.swift; path = "ReuseIdentifier+Protocol.swift"; sourceTree = "<group>"; };
		AD0F165D28A7D37400419A57 /* Storyboards+Enum.swift */ = {isa = PBXFileReference; lastKnownFileType = sourcecode.swift; path = "Storyboards+Enum.swift"; sourceTree = "<group>"; };
		AD0F166628A7D58900419A57 /* EndPoints.swift */ = {isa = PBXFileReference; lastKnownFileType = sourcecode.swift; path = EndPoints.swift; sourceTree = "<group>"; };
		AD0F166C28A7E01600419A57 /* FetchWeatherInfo.swift */ = {isa = PBXFileReference; lastKnownFileType = sourcecode.swift; path = FetchWeatherInfo.swift; sourceTree = "<group>"; };
		AD0F166E28A7E02200419A57 /* FetchLocationInfo.swift */ = {isa = PBXFileReference; lastKnownFileType = sourcecode.swift; path = FetchLocationInfo.swift; sourceTree = "<group>"; };
		AD0F167028A7E37500419A57 /* WeatherData.swift */ = {isa = PBXFileReference; lastKnownFileType = sourcecode.swift; path = WeatherData.swift; sourceTree = "<group>"; };
/* End PBXFileReference section */

/* Begin PBXFrameworksBuildPhase section */
		AD0F163C28A7CF0E00419A57 /* Frameworks */ = {
			isa = PBXFrameworksBuildPhase;
			buildActionMask = 2147483647;
			files = (
				AD0F166528A7D57300419A57 /* SwiftyJSON in Frameworks */,
				AD0F166228A7D56600419A57 /* Alamofire in Frameworks */,
			);
			runOnlyForDeploymentPostprocessing = 0;
		};
/* End PBXFrameworksBuildPhase section */

/* Begin PBXGroup section */
		AD0F163628A7CF0E00419A57 = {
			isa = PBXGroup;
			children = (
				AD0F165628A7D2D700419A57 /* .gitignore */,
				AD0F164128A7CF0E00419A57 /* WeatherForecast */,
				AD0F164028A7CF0E00419A57 /* Products */,
			);
			sourceTree = "<group>";
		};
		AD0F164028A7CF0E00419A57 /* Products */ = {
			isa = PBXGroup;
			children = (
				AD0F163F28A7CF0E00419A57 /* WeatherForecast.app */,
			);
			name = Products;
			sourceTree = "<group>";
		};
		AD0F164128A7CF0E00419A57 /* WeatherForecast */ = {
			isa = PBXGroup;
			children = (
				AD0F164228A7CF0E00419A57 /* AppDelegate.swift */,
				AD0F164428A7CF0E00419A57 /* SceneDelegate.swift */,
				AD0F166828A7DB7300419A57 /* Data */,
				AD0F166928A7DB8600419A57 /* Network */,
				AD0F165C28A7D32D00419A57 /* Protocols */,
				AD0F165F28A7D3A900419A57 /* Storyboards */,
				AD0F164628A7CF0E00419A57 /* WeatherViewController.swift */,
				AD0F164B28A7CF0F00419A57 /* Assets.xcassets */,
				AD0F164D28A7CF0F00419A57 /* LaunchScreen.storyboard */,
				AD0F165028A7CF0F00419A57 /* Info.plist */,
			);
			path = WeatherForecast;
			sourceTree = "<group>";
		};
		AD0F165C28A7D32D00419A57 /* Protocols */ = {
			isa = PBXGroup;
			children = (
				AD0F165A28A7D32700419A57 /* ReuseIdentifier+Protocol.swift */,
			);
			path = Protocols;
			sourceTree = "<group>";
		};
		AD0F165F28A7D3A900419A57 /* Storyboards */ = {
			isa = PBXGroup;
			children = (
				AD0F164828A7CF0E00419A57 /* Main.storyboard */,
			);
			path = Storyboards;
			sourceTree = "<group>";
		};
		AD0F166828A7DB7300419A57 /* Data */ = {
			isa = PBXGroup;
			children = (
				AD0F165D28A7D37400419A57 /* Storyboards+Enum.swift */,
				AD0F167028A7E37500419A57 /* WeatherData.swift */,
			);
			path = Data;
			sourceTree = "<group>";
		};
		AD0F166928A7DB8600419A57 /* Network */ = {
			isa = PBXGroup;
			children = (
				AD0F165828A7D2ED00419A57 /* APIKeys.swift */,
				AD0F166628A7D58900419A57 /* EndPoints.swift */,
				AD0F166C28A7E01600419A57 /* FetchWeatherInfo.swift */,
				AD0F166E28A7E02200419A57 /* FetchLocationInfo.swift */,
			);
			path = Network;
			sourceTree = "<group>";
		};
/* End PBXGroup section */

/* Begin PBXNativeTarget section */
		AD0F163E28A7CF0E00419A57 /* WeatherForecast */ = {
			isa = PBXNativeTarget;
			buildConfigurationList = AD0F165328A7CF0F00419A57 /* Build configuration list for PBXNativeTarget "WeatherForecast" */;
			buildPhases = (
				AD0F163B28A7CF0E00419A57 /* Sources */,
				AD0F163C28A7CF0E00419A57 /* Frameworks */,
				AD0F163D28A7CF0E00419A57 /* Resources */,
			);
			buildRules = (
			);
			dependencies = (
			);
			name = WeatherForecast;
			packageProductDependencies = (
				AD0F166128A7D56600419A57 /* Alamofire */,
				AD0F166428A7D57300419A57 /* SwiftyJSON */,
			);
			productName = WeatherForecast;
			productReference = AD0F163F28A7CF0E00419A57 /* WeatherForecast.app */;
			productType = "com.apple.product-type.application";
		};
/* End PBXNativeTarget section */

/* Begin PBXProject section */
		AD0F163728A7CF0E00419A57 /* Project object */ = {
			isa = PBXProject;
			attributes = {
				BuildIndependentTargetsInParallel = 1;
				LastSwiftUpdateCheck = 1340;
				LastUpgradeCheck = 1340;
				TargetAttributes = {
					AD0F163E28A7CF0E00419A57 = {
						CreatedOnToolsVersion = 13.4.1;
					};
				};
			};
			buildConfigurationList = AD0F163A28A7CF0E00419A57 /* Build configuration list for PBXProject "WeatherForecast" */;
			compatibilityVersion = "Xcode 13.0";
			developmentRegion = en;
			hasScannedForEncodings = 0;
			knownRegions = (
				en,
				Base,
			);
			mainGroup = AD0F163628A7CF0E00419A57;
			packageReferences = (
				AD0F166028A7D56600419A57 /* XCRemoteSwiftPackageReference "Alamofire" */,
				AD0F166328A7D57300419A57 /* XCRemoteSwiftPackageReference "SwiftyJSON" */,
			);
			productRefGroup = AD0F164028A7CF0E00419A57 /* Products */;
			projectDirPath = "";
			projectRoot = "";
			targets = (
				AD0F163E28A7CF0E00419A57 /* WeatherForecast */,
			);
		};
/* End PBXProject section */

/* Begin PBXResourcesBuildPhase section */
		AD0F163D28A7CF0E00419A57 /* Resources */ = {
			isa = PBXResourcesBuildPhase;
			buildActionMask = 2147483647;
			files = (
				AD0F165728A7D2D700419A57 /* .gitignore in Resources */,
				AD0F164F28A7CF0F00419A57 /* LaunchScreen.storyboard in Resources */,
				AD0F164C28A7CF0F00419A57 /* Assets.xcassets in Resources */,
				AD0F164A28A7CF0E00419A57 /* Main.storyboard in Resources */,
			);
			runOnlyForDeploymentPostprocessing = 0;
		};
/* End PBXResourcesBuildPhase section */

/* Begin PBXSourcesBuildPhase section */
		AD0F163B28A7CF0E00419A57 /* Sources */ = {
			isa = PBXSourcesBuildPhase;
			buildActionMask = 2147483647;
			files = (
				AD0F166F28A7E02200419A57 /* FetchLocationInfo.swift in Sources */,
				AD0F164728A7CF0E00419A57 /* WeatherViewController.swift in Sources */,
				AD0F164328A7CF0E00419A57 /* AppDelegate.swift in Sources */,
				AD0F165928A7D2ED00419A57 /* APIKeys.swift in Sources */,
				AD0F166728A7D58900419A57 /* EndPoints.swift in Sources */,
				AD0F165E28A7D37400419A57 /* Storyboards+Enum.swift in Sources */,
				AD0F167128A7E37500419A57 /* WeatherData.swift in Sources */,
				AD0F164528A7CF0E00419A57 /* SceneDelegate.swift in Sources */,
				AD0F165B28A7D32700419A57 /* ReuseIdentifier+Protocol.swift in Sources */,
				AD0F166D28A7E01600419A57 /* FetchWeatherInfo.swift in Sources */,
			);
			runOnlyForDeploymentPostprocessing = 0;
		};
/* End PBXSourcesBuildPhase section */

/* Begin PBXVariantGroup section */
		AD0F164828A7CF0E00419A57 /* Main.storyboard */ = {
			isa = PBXVariantGroup;
			children = (
				AD0F164928A7CF0E00419A57 /* Base */,
			);
			name = Main.storyboard;
			sourceTree = "<group>";
		};
		AD0F164D28A7CF0F00419A57 /* LaunchScreen.storyboard */ = {
			isa = PBXVariantGroup;
			children = (
				AD0F164E28A7CF0F00419A57 /* Base */,
			);
			name = LaunchScreen.storyboard;
			sourceTree = "<group>";
		};
/* End PBXVariantGroup section */

/* Begin XCBuildConfiguration section */
		AD0F165128A7CF0F00419A57 /* Debug */ = {
			isa = XCBuildConfiguration;
			buildSettings = {
				ALWAYS_SEARCH_USER_PATHS = NO;
				CLANG_ANALYZER_NONNULL = YES;
				CLANG_ANALYZER_NUMBER_OBJECT_CONVERSION = YES_AGGRESSIVE;
				CLANG_CXX_LANGUAGE_STANDARD = "gnu++17";
				CLANG_ENABLE_MODULES = YES;
				CLANG_ENABLE_OBJC_ARC = YES;
				CLANG_ENABLE_OBJC_WEAK = YES;
				CLANG_WARN_BLOCK_CAPTURE_AUTORELEASING = YES;
				CLANG_WARN_BOOL_CONVERSION = YES;
				CLANG_WARN_COMMA = YES;
				CLANG_WARN_CONSTANT_CONVERSION = YES;
				CLANG_WARN_DEPRECATED_OBJC_IMPLEMENTATIONS = YES;
				CLANG_WARN_DIRECT_OBJC_ISA_USAGE = YES_ERROR;
				CLANG_WARN_DOCUMENTATION_COMMENTS = YES;
				CLANG_WARN_EMPTY_BODY = YES;
				CLANG_WARN_ENUM_CONVERSION = YES;
				CLANG_WARN_INFINITE_RECURSION = YES;
				CLANG_WARN_INT_CONVERSION = YES;
				CLANG_WARN_NON_LITERAL_NULL_CONVERSION = YES;
				CLANG_WARN_OBJC_IMPLICIT_RETAIN_SELF = YES;
				CLANG_WARN_OBJC_LITERAL_CONVERSION = YES;
				CLANG_WARN_OBJC_ROOT_CLASS = YES_ERROR;
				CLANG_WARN_QUOTED_INCLUDE_IN_FRAMEWORK_HEADER = YES;
				CLANG_WARN_RANGE_LOOP_ANALYSIS = YES;
				CLANG_WARN_STRICT_PROTOTYPES = YES;
				CLANG_WARN_SUSPICIOUS_MOVE = YES;
				CLANG_WARN_UNGUARDED_AVAILABILITY = YES_AGGRESSIVE;
				CLANG_WARN_UNREACHABLE_CODE = YES;
				CLANG_WARN__DUPLICATE_METHOD_MATCH = YES;
				COPY_PHASE_STRIP = NO;
				DEBUG_INFORMATION_FORMAT = dwarf;
				ENABLE_STRICT_OBJC_MSGSEND = YES;
				ENABLE_TESTABILITY = YES;
				GCC_C_LANGUAGE_STANDARD = gnu11;
				GCC_DYNAMIC_NO_PIC = NO;
				GCC_NO_COMMON_BLOCKS = YES;
				GCC_OPTIMIZATION_LEVEL = 0;
				GCC_PREPROCESSOR_DEFINITIONS = (
					"DEBUG=1",
					"$(inherited)",
				);
				GCC_WARN_64_TO_32_BIT_CONVERSION = YES;
				GCC_WARN_ABOUT_RETURN_TYPE = YES_ERROR;
				GCC_WARN_UNDECLARED_SELECTOR = YES;
				GCC_WARN_UNINITIALIZED_AUTOS = YES_AGGRESSIVE;
				GCC_WARN_UNUSED_FUNCTION = YES;
				GCC_WARN_UNUSED_VARIABLE = YES;
				IPHONEOS_DEPLOYMENT_TARGET = 15.5;
				MTL_ENABLE_DEBUG_INFO = INCLUDE_SOURCE;
				MTL_FAST_MATH = YES;
				ONLY_ACTIVE_ARCH = YES;
				SDKROOT = iphoneos;
				SWIFT_ACTIVE_COMPILATION_CONDITIONS = DEBUG;
				SWIFT_OPTIMIZATION_LEVEL = "-Onone";
			};
			name = Debug;
		};
		AD0F165228A7CF0F00419A57 /* Release */ = {
			isa = XCBuildConfiguration;
			buildSettings = {
				ALWAYS_SEARCH_USER_PATHS = NO;
				CLANG_ANALYZER_NONNULL = YES;
				CLANG_ANALYZER_NUMBER_OBJECT_CONVERSION = YES_AGGRESSIVE;
				CLANG_CXX_LANGUAGE_STANDARD = "gnu++17";
				CLANG_ENABLE_MODULES = YES;
				CLANG_ENABLE_OBJC_ARC = YES;
				CLANG_ENABLE_OBJC_WEAK = YES;
				CLANG_WARN_BLOCK_CAPTURE_AUTORELEASING = YES;
				CLANG_WARN_BOOL_CONVERSION = YES;
				CLANG_WARN_COMMA = YES;
				CLANG_WARN_CONSTANT_CONVERSION = YES;
				CLANG_WARN_DEPRECATED_OBJC_IMPLEMENTATIONS = YES;
				CLANG_WARN_DIRECT_OBJC_ISA_USAGE = YES_ERROR;
				CLANG_WARN_DOCUMENTATION_COMMENTS = YES;
				CLANG_WARN_EMPTY_BODY = YES;
				CLANG_WARN_ENUM_CONVERSION = YES;
				CLANG_WARN_INFINITE_RECURSION = YES;
				CLANG_WARN_INT_CONVERSION = YES;
				CLANG_WARN_NON_LITERAL_NULL_CONVERSION = YES;
				CLANG_WARN_OBJC_IMPLICIT_RETAIN_SELF = YES;
				CLANG_WARN_OBJC_LITERAL_CONVERSION = YES;
				CLANG_WARN_OBJC_ROOT_CLASS = YES_ERROR;
				CLANG_WARN_QUOTED_INCLUDE_IN_FRAMEWORK_HEADER = YES;
				CLANG_WARN_RANGE_LOOP_ANALYSIS = YES;
				CLANG_WARN_STRICT_PROTOTYPES = YES;
				CLANG_WARN_SUSPICIOUS_MOVE = YES;
				CLANG_WARN_UNGUARDED_AVAILABILITY = YES_AGGRESSIVE;
				CLANG_WARN_UNREACHABLE_CODE = YES;
				CLANG_WARN__DUPLICATE_METHOD_MATCH = YES;
				COPY_PHASE_STRIP = NO;
				DEBUG_INFORMATION_FORMAT = "dwarf-with-dsym";
				ENABLE_NS_ASSERTIONS = NO;
				ENABLE_STRICT_OBJC_MSGSEND = YES;
				GCC_C_LANGUAGE_STANDARD = gnu11;
				GCC_NO_COMMON_BLOCKS = YES;
				GCC_WARN_64_TO_32_BIT_CONVERSION = YES;
				GCC_WARN_ABOUT_RETURN_TYPE = YES_ERROR;
				GCC_WARN_UNDECLARED_SELECTOR = YES;
				GCC_WARN_UNINITIALIZED_AUTOS = YES_AGGRESSIVE;
				GCC_WARN_UNUSED_FUNCTION = YES;
				GCC_WARN_UNUSED_VARIABLE = YES;
				IPHONEOS_DEPLOYMENT_TARGET = 15.5;
				MTL_ENABLE_DEBUG_INFO = NO;
				MTL_FAST_MATH = YES;
				SDKROOT = iphoneos;
				SWIFT_COMPILATION_MODE = wholemodule;
				SWIFT_OPTIMIZATION_LEVEL = "-O";
				VALIDATE_PRODUCT = YES;
			};
			name = Release;
		};
		AD0F165428A7CF0F00419A57 /* Debug */ = {
			isa = XCBuildConfiguration;
			buildSettings = {
				ASSETCATALOG_COMPILER_APPICON_NAME = AppIcon;
				ASSETCATALOG_COMPILER_GLOBAL_ACCENT_COLOR_NAME = AccentColor;
				CODE_SIGN_STYLE = Automatic;
				CURRENT_PROJECT_VERSION = 1;
				DEVELOPMENT_TEAM = DLA597KS3F;
				GENERATE_INFOPLIST_FILE = YES;
				INFOPLIST_FILE = WeatherForecast/Info.plist;
				INFOPLIST_KEY_UIApplicationSupportsIndirectInputEvents = YES;
				INFOPLIST_KEY_UILaunchStoryboardName = LaunchScreen;
				INFOPLIST_KEY_UIMainStoryboardFile = Main;
				INFOPLIST_KEY_UISupportedInterfaceOrientations_iPad = "UIInterfaceOrientationPortrait UIInterfaceOrientationPortraitUpsideDown UIInterfaceOrientationLandscapeLeft UIInterfaceOrientationLandscapeRight";
				INFOPLIST_KEY_UISupportedInterfaceOrientations_iPhone = "UIInterfaceOrientationPortrait UIInterfaceOrientationLandscapeLeft UIInterfaceOrientationLandscapeRight";
				LD_RUNPATH_SEARCH_PATHS = (
					"$(inherited)",
					"@executable_path/Frameworks",
				);
				MARKETING_VERSION = 1.0;
				PRODUCT_BUNDLE_IDENTIFIER = com.jhee.TMDBProject;
				PRODUCT_NAME = "$(TARGET_NAME)";
				SWIFT_EMIT_LOC_STRINGS = YES;
				SWIFT_VERSION = 5.0;
				TARGETED_DEVICE_FAMILY = "1,2";
			};
			name = Debug;
		};
		AD0F165528A7CF0F00419A57 /* Release */ = {
			isa = XCBuildConfiguration;
			buildSettings = {
				ASSETCATALOG_COMPILER_APPICON_NAME = AppIcon;
				ASSETCATALOG_COMPILER_GLOBAL_ACCENT_COLOR_NAME = AccentColor;
				CODE_SIGN_STYLE = Automatic;
				CURRENT_PROJECT_VERSION = 1;
				DEVELOPMENT_TEAM = DLA597KS3F;
				GENERATE_INFOPLIST_FILE = YES;
				INFOPLIST_FILE = WeatherForecast/Info.plist;
				INFOPLIST_KEY_UIApplicationSupportsIndirectInputEvents = YES;
				INFOPLIST_KEY_UILaunchStoryboardName = LaunchScreen;
				INFOPLIST_KEY_UIMainStoryboardFile = Main;
				INFOPLIST_KEY_UISupportedInterfaceOrientations_iPad = "UIInterfaceOrientationPortrait UIInterfaceOrientationPortraitUpsideDown UIInterfaceOrientationLandscapeLeft UIInterfaceOrientationLandscapeRight";
				INFOPLIST_KEY_UISupportedInterfaceOrientations_iPhone = "UIInterfaceOrientationPortrait UIInterfaceOrientationLandscapeLeft UIInterfaceOrientationLandscapeRight";
				LD_RUNPATH_SEARCH_PATHS = (
					"$(inherited)",
					"@executable_path/Frameworks",
				);
				MARKETING_VERSION = 1.0;
				PRODUCT_BUNDLE_IDENTIFIER = com.jhee.TMDBProject;
				PRODUCT_NAME = "$(TARGET_NAME)";
				SWIFT_EMIT_LOC_STRINGS = YES;
				SWIFT_VERSION = 5.0;
				TARGETED_DEVICE_FAMILY = "1,2";
			};
			name = Release;
		};
/* End XCBuildConfiguration section */

/* Begin XCConfigurationList section */
		AD0F163A28A7CF0E00419A57 /* Build configuration list for PBXProject "WeatherForecast" */ = {
			isa = XCConfigurationList;
			buildConfigurations = (
				AD0F165128A7CF0F00419A57 /* Debug */,
				AD0F165228A7CF0F00419A57 /* Release */,
			);
			defaultConfigurationIsVisible = 0;
			defaultConfigurationName = Release;
		};
		AD0F165328A7CF0F00419A57 /* Build configuration list for PBXNativeTarget "WeatherForecast" */ = {
			isa = XCConfigurationList;
			buildConfigurations = (
				AD0F165428A7CF0F00419A57 /* Debug */,
				AD0F165528A7CF0F00419A57 /* Release */,
			);
			defaultConfigurationIsVisible = 0;
			defaultConfigurationName = Release;
		};
/* End XCConfigurationList section */

/* Begin XCRemoteSwiftPackageReference section */
		AD0F166028A7D56600419A57 /* XCRemoteSwiftPackageReference "Alamofire" */ = {
			isa = XCRemoteSwiftPackageReference;
			repositoryURL = "https://github.com/Alamofire/Alamofire.git";
			requirement = {
				kind = upToNextMajorVersion;
				minimumVersion = 5.0.0;
			};
		};
		AD0F166328A7D57300419A57 /* XCRemoteSwiftPackageReference "SwiftyJSON" */ = {
			isa = XCRemoteSwiftPackageReference;
			repositoryURL = "https://github.com/SwiftyJSON/SwiftyJSON.git";
			requirement = {
				kind = upToNextMajorVersion;
				minimumVersion = 5.0.0;
			};
		};
/* End XCRemoteSwiftPackageReference section */

/* Begin XCSwiftPackageProductDependency section */
		AD0F166128A7D56600419A57 /* Alamofire */ = {
			isa = XCSwiftPackageProductDependency;
			package = AD0F166028A7D56600419A57 /* XCRemoteSwiftPackageReference "Alamofire" */;
			productName = Alamofire;
		};
		AD0F166428A7D57300419A57 /* SwiftyJSON */ = {
			isa = XCSwiftPackageProductDependency;
			package = AD0F166328A7D57300419A57 /* XCRemoteSwiftPackageReference "SwiftyJSON" */;
			productName = SwiftyJSON;
		};
/* End XCSwiftPackageProductDependency section */
	};
	rootObject = AD0F163728A7CF0E00419A57 /* Project object */;
}
